// !$*UTF8*$!
{
	archiveVersion = 1;
	classes = {
	};
	objectVersion = 50;
	objects = {

/* Begin PBXBuildFile section */
		EDC5706720CD4C7A008EDDE5 /* AppDelegate.swift in Sources */ = {isa = PBXBuildFile; fileRef = EDC5706620CD4C7A008EDDE5 /* AppDelegate.swift */; };
		EDC5706920CD4C7A008EDDE5 /* ViewController.swift in Sources */ = {isa = PBXBuildFile; fileRef = EDC5706820CD4C7A008EDDE5 /* ViewController.swift */; };
		EDC5706C20CD4C7A008EDDE5 /* Main.storyboard in Resources */ = {isa = PBXBuildFile; fileRef = EDC5706A20CD4C7A008EDDE5 /* Main.storyboard */; };
		EDC5706E20CD4C8D008EDDE5 /* Assets.xcassets in Resources */ = {isa = PBXBuildFile; fileRef = EDC5706D20CD4C8D008EDDE5 /* Assets.xcassets */; };
		EDC5707120CD4C8D008EDDE5 /* LaunchScreen.storyboard in Resources */ = {isa = PBXBuildFile; fileRef = EDC5706F20CD4C8D008EDDE5 /* LaunchScreen.storyboard */; };
		EDC5707C20CD4C8D008EDDE5 /* worldTrotterTests.swift in Sources */ = {isa = PBXBuildFile; fileRef = EDC5707B20CD4C8D008EDDE5 /* worldTrotterTests.swift */; };
		EDC5708720CD4C8D008EDDE5 /* worldTrotterUITests.swift in Sources */ = {isa = PBXBuildFile; fileRef = EDC5708620CD4C8D008EDDE5 /* worldTrotterUITests.swift */; };
/* End PBXBuildFile section */

/* Begin PBXContainerItemProxy section */
		EDC5707820CD4C8D008EDDE5 /* PBXContainerItemProxy */ = {
			isa = PBXContainerItemProxy;
			containerPortal = EDC5705B20CD4C79008EDDE5 /* Project object */;
			proxyType = 1;
			remoteGlobalIDString = EDC5706220CD4C79008EDDE5;
			remoteInfo = worldTrotter;
		};
		EDC5708320CD4C8D008EDDE5 /* PBXContainerItemProxy */ = {
			isa = PBXContainerItemProxy;
			containerPortal = EDC5705B20CD4C79008EDDE5 /* Project object */;
			proxyType = 1;
			remoteGlobalIDString = EDC5706220CD4C79008EDDE5;
			remoteInfo = worldTrotter;
		};
/* End PBXContainerItemProxy section */

/* Begin PBXFileReference section */
		EDC5706320CD4C79008EDDE5 /* worldTrotter.app */ = {isa = PBXFileReference; explicitFileType = wrapper.application; includeInIndex = 0; path = worldTrotter.app; sourceTree = BUILT_PRODUCTS_DIR; };
		EDC5706620CD4C7A008EDDE5 /* AppDelegate.swift */ = {isa = PBXFileReference; lastKnownFileType = sourcecode.swift; path = AppDelegate.swift; sourceTree = "<group>"; };
		EDC5706820CD4C7A008EDDE5 /* ViewController.swift */ = {isa = PBXFileReference; lastKnownFileType = sourcecode.swift; path = ViewController.swift; sourceTree = "<group>"; };
		EDC5706B20CD4C7A008EDDE5 /* Base */ = {isa = PBXFileReference; lastKnownFileType = file.storyboard; name = Base; path = Base.lproj/Main.storyboard; sourceTree = "<group>"; };
		EDC5706D20CD4C8D008EDDE5 /* Assets.xcassets */ = {isa = PBXFileReference; lastKnownFileType = folder.assetcatalog; path = Assets.xcassets; sourceTree = "<group>"; };
		EDC5707020CD4C8D008EDDE5 /* Base */ = {isa = PBXFileReference; lastKnownFileType = file.storyboard; name = Base; path = Base.lproj/LaunchScreen.storyboard; sourceTree = "<group>"; };
		EDC5707220CD4C8D008EDDE5 /* Info.plist */ = {isa = PBXFileReference; lastKnownFileType = text.plist.xml; path = Info.plist; sourceTree = "<group>"; };
		EDC5707720CD4C8D008EDDE5 /* worldTrotterTests.xctest */ = {isa = PBXFileReference; explicitFileType = wrapper.cfbundle; includeInIndex = 0; path = worldTrotterTests.xctest; sourceTree = BUILT_PRODUCTS_DIR; };
		EDC5707B20CD4C8D008EDDE5 /* worldTrotterTests.swift */ = {isa = PBXFileReference; lastKnownFileType = sourcecode.swift; path = worldTrotterTests.swift; sourceTree = "<group>"; };
		EDC5707D20CD4C8D008EDDE5 /* Info.plist */ = {isa = PBXFileReference; lastKnownFileType = text.plist.xml; path = Info.plist; sourceTree = "<group>"; };
		EDC5708220CD4C8D008EDDE5 /* worldTrotterUITests.xctest */ = {isa = PBXFileReference; explicitFileType = wrapper.cfbundle; includeInIndex = 0; path = worldTrotterUITests.xctest; sourceTree = BUILT_PRODUCTS_DIR; };
		EDC5708620CD4C8D008EDDE5 /* worldTrotterUITests.swift */ = {isa = PBXFileReference; lastKnownFileType = sourcecode.swift; path = worldTrotterUITests.swift; sourceTree = "<group>"; };
		EDC5708820CD4C8D008EDDE5 /* Info.plist */ = {isa = PBXFileReference; lastKnownFileType = text.plist.xml; path = Info.plist; sourceTree = "<group>"; };
/* End PBXFileReference section */

/* Begin PBXFrameworksBuildPhase section */
		EDC5706020CD4C79008EDDE5 /* Frameworks */ = {
			isa = PBXFrameworksBuildPhase;
			buildActionMask = 2147483647;
			files = (
			);
			runOnlyForDeploymentPostprocessing = 0;
		};
		EDC5707420CD4C8D008EDDE5 /* Frameworks */ = {
			isa = PBXFrameworksBuildPhase;
			buildActionMask = 2147483647;
			files = (
			);
			runOnlyForDeploymentPostprocessing = 0;
		};
		EDC5707F20CD4C8D008EDDE5 /* Frameworks */ = {
			isa = PBXFrameworksBuildPhase;
			buildActionMask = 2147483647;
			files = (
			);
			runOnlyForDeploymentPostprocessing = 0;
		};
/* End PBXFrameworksBuildPhase section */

/* Begin PBXGroup section */
		EDC5705A20CD4C79008EDDE5 = {
			isa = PBXGroup;
			children = (
				EDC5706520CD4C79008EDDE5 /* worldTrotter */,
				EDC5707A20CD4C8D008EDDE5 /* worldTrotterTests */,
				EDC5708520CD4C8D008EDDE5 /* worldTrotterUITests */,
				EDC5706420CD4C79008EDDE5 /* Products */,
			);
			sourceTree = "<group>";
		};
		EDC5706420CD4C79008EDDE5 /* Products */ = {
			isa = PBXGroup;
			children = (
				EDC5706320CD4C79008EDDE5 /* worldTrotter.app */,
				EDC5707720CD4C8D008EDDE5 /* worldTrotterTests.xctest */,
				EDC5708220CD4C8D008EDDE5 /* worldTrotterUITests.xctest */,
			);
			name = Products;
			sourceTree = "<group>";
		};
		EDC5706520CD4C79008EDDE5 /* worldTrotter */ = {
			isa = PBXGroup;
			children = (
				EDC5706620CD4C7A008EDDE5 /* AppDelegate.swift */,
				EDC5706820CD4C7A008EDDE5 /* ViewController.swift */,
				EDC5706A20CD4C7A008EDDE5 /* Main.storyboard */,
				EDC5706D20CD4C8D008EDDE5 /* Assets.xcassets */,
				EDC5706F20CD4C8D008EDDE5 /* LaunchScreen.storyboard */,
				EDC5707220CD4C8D008EDDE5 /* Info.plist */,
			);
			path = worldTrotter;
			sourceTree = "<group>";
		};
		EDC5707A20CD4C8D008EDDE5 /* worldTrotterTests */ = {
			isa = PBXGroup;
			children = (
				EDC5707B20CD4C8D008EDDE5 /* worldTrotterTests.swift */,
				EDC5707D20CD4C8D008EDDE5 /* Info.plist */,
			);
			path = worldTrotterTests;
			sourceTree = "<group>";
		};
		EDC5708520CD4C8D008EDDE5 /* worldTrotterUITests */ = {
			isa = PBXGroup;
			children = (
				EDC5708620CD4C8D008EDDE5 /* worldTrotterUITests.swift */,
				EDC5708820CD4C8D008EDDE5 /* Info.plist */,
			);
			path = worldTrotterUITests;
			sourceTree = "<group>";
		};
/* End PBXGroup section */

/* Begin PBXNativeTarget section */
		EDC5706220CD4C79008EDDE5 /* worldTrotter */ = {
			isa = PBXNativeTarget;
			buildConfigurationList = EDC5708B20CD4C8D008EDDE5 /* Build configuration list for PBXNativeTarget "worldTrotter" */;
			buildPhases = (
				EDC5705F20CD4C79008EDDE5 /* Sources */,
				EDC5706020CD4C79008EDDE5 /* Frameworks */,
				EDC5706120CD4C79008EDDE5 /* Resources */,
			);
			buildRules = (
			);
			dependencies = (
			);
			name = worldTrotter;
			productName = worldTrotter;
			productReference = EDC5706320CD4C79008EDDE5 /* worldTrotter.app */;
			productType = "com.apple.product-type.application";
		};
		EDC5707620CD4C8D008EDDE5 /* worldTrotterTests */ = {
			isa = PBXNativeTarget;
			buildConfigurationList = EDC5708E20CD4C8D008EDDE5 /* Build configuration list for PBXNativeTarget "worldTrotterTests" */;
			buildPhases = (
				EDC5707320CD4C8D008EDDE5 /* Sources */,
				EDC5707420CD4C8D008EDDE5 /* Frameworks */,
				EDC5707520CD4C8D008EDDE5 /* Resources */,
			);
			buildRules = (
			);
			dependencies = (
				EDC5707920CD4C8D008EDDE5 /* PBXTargetDependency */,
			);
			name = worldTrotterTests;
			productName = worldTrotterTests;
			productReference = EDC5707720CD4C8D008EDDE5 /* worldTrotterTests.xctest */;
			productType = "com.apple.product-type.bundle.unit-test";
		};
		EDC5708120CD4C8D008EDDE5 /* worldTrotterUITests */ = {
			isa = PBXNativeTarget;
			buildConfigurationList = EDC5709120CD4C8D008EDDE5 /* Build configuration list for PBXNativeTarget "worldTrotterUITests" */;
			buildPhases = (
				EDC5707E20CD4C8D008EDDE5 /* Sources */,
				EDC5707F20CD4C8D008EDDE5 /* Frameworks */,
				EDC5708020CD4C8D008EDDE5 /* Resources */,
			);
			buildRules = (
			);
			dependencies = (
				EDC5708420CD4C8D008EDDE5 /* PBXTargetDependency */,
			);
			name = worldTrotterUITests;
			productName = worldTrotterUITests;
			productReference = EDC5708220CD4C8D008EDDE5 /* worldTrotterUITests.xctest */;
			productType = "com.apple.product-type.bundle.ui-testing";
		};
/* End PBXNativeTarget section */

/* Begin PBXProject section */
		EDC5705B20CD4C79008EDDE5 /* Project object */ = {
			isa = PBXProject;
			attributes = {
				LastSwiftUpdateCheck = 0930;
				LastUpgradeCheck = 0930;
				ORGANIZATIONNAME = "Imaginative Data Computing";
				TargetAttributes = {
					EDC5706220CD4C79008EDDE5 = {
						CreatedOnToolsVersion = 9.3;
					};
					EDC5707620CD4C8D008EDDE5 = {
						CreatedOnToolsVersion = 9.3;
						TestTargetID = EDC5706220CD4C79008EDDE5;
					};
					EDC5708120CD4C8D008EDDE5 = {
						CreatedOnToolsVersion = 9.3;
						TestTargetID = EDC5706220CD4C79008EDDE5;
					};
				};
			};
			buildConfigurationList = EDC5705E20CD4C79008EDDE5 /* Build configuration list for PBXProject "worldTrotter" */;
			compatibilityVersion = "Xcode 9.3";
			developmentRegion = en;
			hasScannedForEncodings = 0;
			knownRegions = (
				en,
				Base,
			);
			mainGroup = EDC5705A20CD4C79008EDDE5;
			productRefGroup = EDC5706420CD4C79008EDDE5 /* Products */;
			projectDirPath = "";
			projectRoot = "";
			targets = (
				EDC5706220CD4C79008EDDE5 /* worldTrotter */,
				EDC5707620CD4C8D008EDDE5 /* worldTrotterTests */,
				EDC5708120CD4C8D008EDDE5 /* worldTrotterUITests */,
			);
		};
/* End PBXProject section */

/* Begin PBXResourcesBuildPhase section */
		EDC5706120CD4C79008EDDE5 /* Resources */ = {
			isa = PBXResourcesBuildPhase;
			buildActionMask = 2147483647;
			files = (
				EDC5707120CD4C8D008EDDE5 /* LaunchScreen.storyboard in Resources */,
				EDC5706E20CD4C8D008EDDE5 /* Assets.xcassets in Resources */,
				EDC5706C20CD4C7A008EDDE5 /* Main.storyboard in Resources */,
			);
			runOnlyForDeploymentPostprocessing = 0;
		};
		EDC5707520CD4C8D008EDDE5 /* Resources */ = {
			isa = PBXResourcesBuildPhase;
			buildActionMask = 2147483647;
			files = (
			);
			runOnlyForDeploymentPostprocessing = 0;
		};
		EDC5708020CD4C8D008EDDE5 /* Resources */ = {
			isa = PBXResourcesBuildPhase;
			buildActionMask = 2147483647;
			files = (
			);
			runOnlyForDeploymentPostprocessing = 0;
		};
/* End PBXResourcesBuildPhase section */

/* Begin PBXSourcesBuildPhase section */
		EDC5705F20CD4C79008EDDE5 /* Sources */ = {
			isa = PBXSourcesBuildPhase;
			buildActionMask = 2147483647;
			files = (
				EDC5706920CD4C7A008EDDE5 /* ViewController.swift in Sources */,
				EDC5706720CD4C7A008EDDE5 /* AppDelegate.swift in Sources */,
			);
			runOnlyForDeploymentPostprocessing = 0;
		};
		EDC5707320CD4C8D008EDDE5 /* Sources */ = {
			isa = PBXSourcesBuildPhase;
			buildActionMask = 2147483647;
			files = (
				EDC5707C20CD4C8D008EDDE5 /* worldTrotterTests.swift in Sources */,
			);
			runOnlyForDeploymentPostprocessing = 0;
		};
		EDC5707E20CD4C8D008EDDE5 /* Sources */ = {
			isa = PBXSourcesBuildPhase;
			buildActionMask = 2147483647;
			files = (
				EDC5708720CD4C8D008EDDE5 /* worldTrotterUITests.swift in Sources */,
			);
			runOnlyForDeploymentPostprocessing = 0;
		};
/* End PBXSourcesBuildPhase section */

/* Begin PBXTargetDependency section */
		EDC5707920CD4C8D008EDDE5 /* PBXTargetDependency */ = {
			isa = PBXTargetDependency;
			target = EDC5706220CD4C79008EDDE5 /* worldTrotter */;
			targetProxy = EDC5707820CD4C8D008EDDE5 /* PBXContainerItemProxy */;
		};
		EDC5708420CD4C8D008EDDE5 /* PBXTargetDependency */ = {
			isa = PBXTargetDependency;
			target = EDC5706220CD4C79008EDDE5 /* worldTrotter */;
			targetProxy = EDC5708320CD4C8D008EDDE5 /* PBXContainerItemProxy */;
		};
/* End PBXTargetDependency section */

/* Begin PBXVariantGroup section */
		EDC5706A20CD4C7A008EDDE5 /* Main.storyboard */ = {
			isa = PBXVariantGroup;
			children = (
				EDC5706B20CD4C7A008EDDE5 /* Base */,
			);
			name = Main.storyboard;
			sourceTree = "<group>";
		};
		EDC5706F20CD4C8D008EDDE5 /* LaunchScreen.storyboard */ = {
			isa = PBXVariantGroup;
			children = (
				EDC5707020CD4C8D008EDDE5 /* Base */,
			);
			name = LaunchScreen.storyboard;
			sourceTree = "<group>";
		};
/* End PBXVariantGroup section */

/* Begin XCBuildConfiguration section */
		EDC5708920CD4C8D008EDDE5 /* Debug */ = {
			isa = XCBuildConfiguration;
			buildSettings = {
				ALWAYS_SEARCH_USER_PATHS = NO;
				CLANG_ANALYZER_NONNULL = YES;
				CLANG_ANALYZER_NUMBER_OBJECT_CONVERSION = YES_AGGRESSIVE;
				CLANG_CXX_LANGUAGE_STANDARD = "gnu++14";
				CLANG_CXX_LIBRARY = "libc++";
				CLANG_ENABLE_MODULES = YES;
				CLANG_ENABLE_OBJC_ARC = YES;
				CLANG_ENABLE_OBJC_WEAK = YES;
				CLANG_WARN_BLOCK_CAPTURE_AUTORELEASING = YES;
				CLANG_WARN_BOOL_CONVERSION = YES;
				CLANG_WARN_COMMA = YES;
				CLANG_WARN_CONSTANT_CONVERSION = YES;
				CLANG_WARN_DEPRECATED_OBJC_IMPLEMENTATIONS = YES;
				CLANG_WARN_DIRECT_OBJC_ISA_USAGE = YES_ERROR;
				CLANG_WARN_DOCUMENTATION_COMMENTS = YES;
				CLANG_WARN_EMPTY_BODY = YES;
				CLANG_WARN_ENUM_CONVERSION = YES;
				CLANG_WARN_INFINITE_RECURSION = YES;
				CLANG_WARN_INT_CONVERSION = YES;
				CLANG_WARN_NON_LITERAL_NULL_CONVERSION = YES;
				CLANG_WARN_OBJC_IMPLICIT_RETAIN_SELF = YES;
				CLANG_WARN_OBJC_LITERAL_CONVERSION = YES;
				CLANG_WARN_OBJC_ROOT_CLASS = YES_ERROR;
				CLANG_WARN_RANGE_LOOP_ANALYSIS = YES;
				CLANG_WARN_STRICT_PROTOTYPES = YES;
				CLANG_WARN_SUSPICIOUS_MOVE = YES;
				CLANG_WARN_UNGUARDED_AVAILABILITY = YES_AGGRESSIVE;
				CLANG_WARN_UNREACHABLE_CODE = YES;
				CLANG_WARN__DUPLICATE_METHOD_MATCH = YES;
				CODE_SIGN_IDENTITY = "iPhone Developer";
				COPY_PHASE_STRIP = NO;
				DEBUG_INFORMATION_FORMAT = dwarf;
				ENABLE_STRICT_OBJC_MSGSEND = YES;
				ENABLE_TESTABILITY = YES;
				GCC_C_LANGUAGE_STANDARD = gnu11;
				GCC_DYNAMIC_NO_PIC = NO;
				GCC_NO_COMMON_BLOCKS = YES;
				GCC_OPTIMIZATION_LEVEL = 0;
				GCC_PREPROCESSOR_DEFINITIONS = (
					"DEBUG=1",
					"$(inherited)",
				);
				GCC_WARN_64_TO_32_BIT_CONVERSION = YES;
				GCC_WARN_ABOUT_RETURN_TYPE = YES_ERROR;
				GCC_WARN_UNDECLARED_SELECTOR = YES;
				GCC_WARN_UNINITIALIZED_AUTOS = YES_AGGRESSIVE;
				GCC_WARN_UNUSED_FUNCTION = YES;
				GCC_WARN_UNUSED_VARIABLE = YES;
				IPHONEOS_DEPLOYMENT_TARGET = 11.3;
				MTL_ENABLE_DEBUG_INFO = YES;
				ONLY_ACTIVE_ARCH = YES;
				SDKROOT = iphoneos;
				SWIFT_ACTIVE_COMPILATION_CONDITIONS = DEBUG;
				SWIFT_OPTIMIZATION_LEVEL = "-Onone";
			};
			name = Debug;
		};
		EDC5708A20CD4C8D008EDDE5 /* Release */ = {
			isa = XCBuildConfiguration;
			buildSettings = {
				ALWAYS_SEARCH_USER_PATHS = NO;
				CLANG_ANALYZER_NONNULL = YES;
				CLANG_ANALYZER_NUMBER_OBJECT_CONVERSION = YES_AGGRESSIVE;
				CLANG_CXX_LANGUAGE_STANDARD = "gnu++14";
				CLANG_CXX_LIBRARY = "libc++";
				CLANG_ENABLE_MODULES = YES;
				CLANG_ENABLE_OBJC_ARC = YES;
				CLANG_ENABLE_OBJC_WEAK = YES;
				CLANG_WARN_BLOCK_CAPTURE_AUTORELEASING = YES;
				CLANG_WARN_BOOL_CONVERSION = YES;
				CLANG_WARN_COMMA = YES;
				CLANG_WARN_CONSTANT_CONVERSION = YES;
				CLANG_WARN_DEPRECATED_OBJC_IMPLEMENTATIONS = YES;
				CLANG_WARN_DIRECT_OBJC_ISA_USAGE = YES_ERROR;
				CLANG_WARN_DOCUMENTATION_COMMENTS = YES;
				CLANG_WARN_EMPTY_BODY = YES;
				CLANG_WARN_ENUM_CONVERSION = YES;
				CLANG_WARN_INFINITE_RECURSION = YES;
				CLANG_WARN_INT_CONVERSION = YES;
				CLANG_WARN_NON_LITERAL_NULL_CONVERSION = YES;
				CLANG_WARN_OBJC_IMPLICIT_RETAIN_SELF = YES;
				CLANG_WARN_OBJC_LITERAL_CONVERSION = YES;
				CLANG_WARN_OBJC_ROOT_CLASS = YES_ERROR;
				CLANG_WARN_RANGE_LOOP_ANALYSIS = YES;
				CLANG_WARN_STRICT_PROTOTYPES = YES;
				CLANG_WARN_SUSPICIOUS_MOVE = YES;
				CLANG_WARN_UNGUARDED_AVAILABILITY = YES_AGGRESSIVE;
				CLANG_WARN_UNREACHABLE_CODE = YES;
				CLANG_WARN__DUPLICATE_METHOD_MATCH = YES;
				CODE_SIGN_IDENTITY = "iPhone Developer";
				COPY_PHASE_STRIP = NO;
				DEBUG_INFORMATION_FORMAT = "dwarf-with-dsym";
				ENABLE_NS_ASSERTIONS = NO;
				ENABLE_STRICT_OBJC_MSGSEND = YES;
				GCC_C_LANGUAGE_STANDARD = gnu11;
				GCC_NO_COMMON_BLOCKS = YES;
				GCC_WARN_64_TO_32_BIT_CONVERSION = YES;
				GCC_WARN_ABOUT_RETURN_TYPE = YES_ERROR;
				GCC_WARN_UNDECLARED_SELECTOR = YES;
				GCC_WARN_UNINITIALIZED_AUTOS = YES_AGGRESSIVE;
				GCC_WARN_UNUSED_FUNCTION = YES;
				GCC_WARN_UNUSED_VARIABLE = YES;
				IPHONEOS_DEPLOYMENT_TARGET = 11.3;
				MTL_ENABLE_DEBUG_INFO = NO;
				SDKROOT = iphoneos;
				SWIFT_COMPILATION_MODE = wholemodule;
				SWIFT_OPTIMIZATION_LEVEL = "-O";
				VALIDATE_PRODUCT = YES;
			};
			name = Release;
		};
		EDC5708C20CD4C8D008EDDE5 /* Debug */ = {
			isa = XCBuildConfiguration;
			buildSettings = {
				ASSETCATALOG_COMPILER_APPICON_NAME = AppIcon;
				CODE_SIGN_STYLE = Automatic;
				INFOPLIST_FILE = worldTrotter/Info.plist;
				LD_RUNPATH_SEARCH_PATHS = (
					"$(inherited)",
					"@executable_path/Frameworks",
				);
				PRODUCT_BUNDLE_IDENTIFIER = com.imaginativedata.worldTrotter;
				PRODUCT_NAME = "$(TARGET_NAME)";
				SWIFT_VERSION = 4.0;
				TARGETED_DEVICE_FAMILY = "1,2";
			};
			name = Debug;
		};
		EDC5708D20CD4C8D008EDDE5 /* Release */ = {
			isa = XCBuildConfiguration;
			buildSettings = {
				ASSETCATALOG_COMPILER_APPICON_NAME = AppIcon;
				CODE_SIGN_STYLE = Automatic;
				INFOPLIST_FILE = worldTrotter/Info.plist;
				LD_RUNPATH_SEARCH_PATHS = (
					"$(inherited)",
					"@executable_path/Frameworks",
				);
				PRODUCT_BUNDLE_IDENTIFIER = com.imaginativedata.worldTrotter;
				PRODUCT_NAME = "$(TARGET_NAME)";
				SWIFT_VERSION = 4.0;
				TARGETED_DEVICE_FAMILY = "1,2";
			};
			name = Release;
		};
		EDC5708F20CD4C8D008EDDE5 /* Debug */ = {
			isa = XCBuildConfiguration;
			buildSettings = {
				ALWAYS_EMBED_SWIFT_STANDARD_LIBRARIES = YES;
				BUNDLE_LOADER = "$(TEST_HOST)";
				CODE_SIGN_STYLE = Automatic;
				INFOPLIST_FILE = worldTrotterTests/Info.plist;
				LD_RUNPATH_SEARCH_PATHS = (
					"$(inherited)",
					"@executable_path/Frameworks",
					"@loader_path/Frameworks",
				);
				PRODUCT_BUNDLE_IDENTIFIER = com.imaginativedata.worldTrotterTests;
				PRODUCT_NAME = "$(TARGET_NAME)";
				SWIFT_VERSION = 4.0;
				TARGETED_DEVICE_FAMILY = "1,2";
				TEST_HOST = "$(BUILT_PRODUCTS_DIR)/worldTrotter.app/worldTrotter";
			};
			name = Debug;
		};
		EDC5709020CD4C8D008EDDE5 /* Release */ = {
			isa = XCBuildConfiguration;
			buildSettings = {
				ALWAYS_EMBED_SWIFT_STANDARD_LIBRARIES = YES;
				BUNDLE_LOADER = "$(TEST_HOST)";
				CODE_SIGN_STYLE = Automatic;
				INFOPLIST_FILE = worldTrotterTests/Info.plist;
				LD_RUNPATH_SEARCH_PATHS = (
					"$(inherited)",
					"@executable_path/Frameworks",
					"@loader_path/Frameworks",
				);
				PRODUCT_BUNDLE_IDENTIFIER = com.imaginativedata.worldTrotterTests;
				PRODUCT_NAME = "$(TARGET_NAME)";
				SWIFT_VERSION = 4.0;
				TARGETED_DEVICE_FAMILY = "1,2";
				TEST_HOST = "$(BUILT_PRODUCTS_DIR)/worldTrotter.app/worldTrotter";
			};
			name = Release;
		};
		EDC5709220CD4C8D008EDDE5 /* Debug */ = {
			isa = XCBuildConfiguration;
			buildSettings = {
				ALWAYS_EMBED_SWIFT_STANDARD_LIBRARIES = YES;
				CODE_SIGN_STYLE = Automatic;
				INFOPLIST_FILE = worldTrotterUITests/Info.plist;
				LD_RUNPATH_SEARCH_PATHS = (
					"$(inherited)",
					"@executable_path/Frameworks",
					"@loader_path/Frameworks",
				);
				PRODUCT_BUNDLE_IDENTIFIER = com.imaginativedata.worldTrotterUITests;
				PRODUCT_NAME = "$(TARGET_NAME)";
				SWIFT_VERSION = 4.0;
				TARGETED_DEVICE_FAMILY = "1,2";
				TEST_TARGET_NAME = worldTrotter;
			};
			name = Debug;
		};
		EDC5709320CD4C8D008EDDE5 /* Release */ = {
			isa = XCBuildConfiguration;
			buildSettings = {
				ALWAYS_EMBED_SWIFT_STANDARD_LIBRARIES = YES;
				CODE_SIGN_STYLE = Automatic;
				INFOPLIST_FILE = worldTrotterUITests/Info.plist;
				LD_RUNPATH_SEARCH_PATHS = (
					"$(inherited)",
					"@executable_path/Frameworks",
					"@loader_path/Frameworks",
				);
				PRODUCT_BUNDLE_IDENTIFIER = com.imaginativedata.worldTrotterUITests;
				PRODUCT_NAME = "$(TARGET_NAME)";
				SWIFT_VERSION = 4.0;
				TARGETED_DEVICE_FAMILY = "1,2";
				TEST_TARGET_NAME = worldTrotter;
			};
			name = Release;
		};
/* End XCBuildConfiguration section */

/* Begin XCConfigurationList section */
		EDC5705E20CD4C79008EDDE5 /* Build configuration list for PBXProject "worldTrotter" */ = {
			isa = XCConfigurationList;
			buildConfigurations = (
				EDC5708920CD4C8D008EDDE5 /* Debug */,
				EDC5708A20CD4C8D008EDDE5 /* Release */,
			);
			defaultConfigurationIsVisible = 0;
			defaultConfigurationName = Release;
		};
		EDC5708B20CD4C8D008EDDE5 /* Build configuration list for PBXNativeTarget "worldTrotter" */ = {
			isa = XCConfigurationList;
			buildConfigurations = (
				EDC5708C20CD4C8D008EDDE5 /* Debug */,
				EDC5708D20CD4C8D008EDDE5 /* Release */,
			);
			defaultConfigurationIsVisible = 0;
			defaultConfigurationName = Release;
		};
		EDC5708E20CD4C8D008EDDE5 /* Build configuration list for PBXNativeTarget "worldTrotterTests" */ = {
			isa = XCConfigurationList;
			buildConfigurations = (
				EDC5708F20CD4C8D008EDDE5 /* Debug */,
				EDC5709020CD4C8D008EDDE5 /* Release */,
			);
			defaultConfigurationIsVisible = 0;
			defaultConfigurationName = Release;
		};
		EDC5709120CD4C8D008EDDE5 /* Build configuration list for PBXNativeTarget "worldTrotterUITests" */ = {
			isa = XCConfigurationList;
			buildConfigurations = (
				EDC5709220CD4C8D008EDDE5 /* Debug */,
				EDC5709320CD4C8D008EDDE5 /* Release */,
			);
			defaultConfigurationIsVisible = 0;
			defaultConfigurationName = Release;
		};
/* End XCConfigurationList section */
	};
	rootObject = EDC5705B20CD4C79008EDDE5 /* Project object */;
}
